{
    "name": "native-webrtc-drawing",
    "version": "1.0.0",
    "lockfileVersion": 2,
    "requires": true,
    "packages": {
        "": {
            "name": "native-webrtc-drawing",
            "version": "1.0.0",
            "license": "ISC",
            "engines": {
                "node": "16.14.0",
                "yarn": "1.22.17"
            }
        }
    }
}
